{
  "name": "arqma-burn",
  "version": "1.0.0",
  "lockfileVersion": 1,
  "requires": true,
  "dependencies": {
    "ini": {
      "version": "1.3.5",
      "resolved": "https://registry.npmjs.org/ini/-/ini-1.3.5.tgz",
      "integrity": "sha512-RZY5huIKCMRWDUqZlEi72f/lmXKMvuszcMBduliQ3nnWbx9X/ZBQO7DijMEYS9EhHBb2qacRUMtC7svLwe0lcw=="
    },
    "mersenne-twister": {
      "version": "1.1.0",
      "resolved": "https://registry.npmjs.org/mersenne-twister/-/mersenne-twister-1.1.0.tgz",
      "integrity": "sha1-+RZhjuQ9cXnvz2Qb7EUx65Zwl4o="
    },
    "monero-wallet-generator": {
      "version": "https://github.com/variably/MoneroAddressGenerator/tarball/master",
      "integrity": "sha512-IYuc2dIu1AzdFN0V3r48pWcprZHHfoSScVtNj4bmNYWmj1ukrIoljGurTCaGL9leHs0WO6ec6Zo51Ji7Lk8Ynw==",
      "requires": {
        "polyfill-crypto.getrandomvalues": "^1.0.0"
      }
    },
    "nan": {
      "version": "2.14.0",
      "resolved": "https://registry.npmjs.org/nan/-/nan-2.14.0.tgz",
      "integrity": "sha512-INOFj37C7k3AfaNTtX8RhsTw7qRy7eLET14cROi9+5HAVbbHuIWUHEauBv5qT4Av2tWasiTY1Jw6puUNqRJXQg=="
    },
    "node-gyp-build": {
      "version": "4.1.0",
      "resolved": "https://registry.npmjs.org/node-gyp-build/-/node-gyp-build-4.1.0.tgz",
      "integrity": "sha512-rGLv++nK20BG8gc0MzzcYe1Nl3p3mtwJ74Q2QD0HTEDKZ6NvOFSelY6s2QBPWIHRR8h7hpad0LiwajfClBJfNg=="
    },
    "polyfill-crypto.getrandomvalues": {
      "version": "1.0.0",
      "resolved": "https://registry.npmjs.org/polyfill-crypto.getrandomvalues/-/polyfill-crypto.getrandomvalues-1.0.0.tgz",
      "integrity": "sha1-XJVgKXbrthVbFjy2XXe57t47YaQ=",
      "requires": {
        "mersenne-twister": "^1.0.1"
      }
    },
    "sodium-native": {
      "version": "2.4.5",
      "resolved": "https://registry.npmjs.org/sodium-native/-/sodium-native-2.4.5.tgz",
      "integrity": "sha512-G1uhd4l1OexzUC/6eHIbAvoivCs9T7ncDlEWodZglPZVUOXi6jtSe7tCi25aYB06zRoOjVfE4SL+hZ4EfkyZgw==",
      "requires": {
        "ini": "^1.3.5",
        "nan": "^2.14.0",
        "node-gyp-build": "^4.1.0"
      }
    }
  }
}
